// !$*UTF8*$!
{
	archiveVersion = 1;
	classes = {
	};
	objectVersion = 46;
	objects = {

/* Begin PBXBuildFile section */
		F794604A1DBA977D007B8DF2 /* main.m in Sources */ = {isa = PBXBuildFile; fileRef = F79460491DBA977D007B8DF2 /* main.m */; };
		F794604D1DBA977D007B8DF2 /* AppDelegate.m in Sources */ = {isa = PBXBuildFile; fileRef = F794604C1DBA977D007B8DF2 /* AppDelegate.m */; };
		F79460551DBA977D007B8DF2 /* Assets.xcassets in Resources */ = {isa = PBXBuildFile; fileRef = F79460541DBA977D007B8DF2 /* Assets.xcassets */; };
		F794606E1DBAA520007B8DF2 /* categories.plist in Resources */ = {isa = PBXBuildFile; fileRef = F794606A1DBAA520007B8DF2 /* categories.plist */; };
		F794606F1DBAA520007B8DF2 /* cities.plist in Resources */ = {isa = PBXBuildFile; fileRef = F794606B1DBAA520007B8DF2 /* cities.plist */; };
		F79460701DBAA520007B8DF2 /* cityGroups.plist in Resources */ = {isa = PBXBuildFile; fileRef = F794606C1DBAA520007B8DF2 /* cityGroups.plist */; };
		F79460711DBAA520007B8DF2 /* sorts.plist in Resources */ = {isa = PBXBuildFile; fileRef = F794606D1DBAA520007B8DF2 /* sorts.plist */; };
/* End PBXBuildFile section */

/* Begin PBXFileReference section */
		F79460451DBA977D007B8DF2 /* XDLBestReservationHD.app */ = {isa = PBXFileReference; explicitFileType = wrapper.application; includeInIndex = 0; path = XDLBestReservationHD.app; sourceTree = BUILT_PRODUCTS_DIR; };
		F79460491DBA977D007B8DF2 /* main.m */ = {isa = PBXFileReference; lastKnownFileType = sourcecode.c.objc; path = main.m; sourceTree = "<group>"; };
		F794604B1DBA977D007B8DF2 /* AppDelegate.h */ = {isa = PBXFileReference; lastKnownFileType = sourcecode.c.h; path = AppDelegate.h; sourceTree = "<group>"; };
		F794604C1DBA977D007B8DF2 /* AppDelegate.m */ = {isa = PBXFileReference; lastKnownFileType = sourcecode.c.objc; path = AppDelegate.m; sourceTree = "<group>"; };
		F79460541DBA977D007B8DF2 /* Assets.xcassets */ = {isa = PBXFileReference; lastKnownFileType = folder.assetcatalog; path = Assets.xcassets; sourceTree = "<group>"; };
		F79460591DBA977D007B8DF2 /* Info.plist */ = {isa = PBXFileReference; lastKnownFileType = text.plist.xml; path = Info.plist; sourceTree = "<group>"; };
		F794606A1DBAA520007B8DF2 /* categories.plist */ = {isa = PBXFileReference; fileEncoding = 4; lastKnownFileType = text.plist.xml; path = categories.plist; sourceTree = "<group>"; };
		F794606B1DBAA520007B8DF2 /* cities.plist */ = {isa = PBXFileReference; fileEncoding = 4; lastKnownFileType = text.plist.xml; path = cities.plist; sourceTree = "<group>"; };
		F794606C1DBAA520007B8DF2 /* cityGroups.plist */ = {isa = PBXFileReference; fileEncoding = 4; lastKnownFileType = text.plist.xml; path = cityGroups.plist; sourceTree = "<group>"; };
		F794606D1DBAA520007B8DF2 /* sorts.plist */ = {isa = PBXFileReference; fileEncoding = 4; lastKnownFileType = text.plist.xml; path = sorts.plist; sourceTree = "<group>"; };
/* End PBXFileReference section */

/* Begin PBXFrameworksBuildPhase section */
		F79460421DBA977D007B8DF2 /* Frameworks */ = {
			isa = PBXFrameworksBuildPhase;
			buildActionMask = 2147483647;
			files = (
			);
			runOnlyForDeploymentPostprocessing = 0;
		};
/* End PBXFrameworksBuildPhase section */

/* Begin PBXGroup section */
		F794603C1DBA977D007B8DF2 = {
			isa = PBXGroup;
			children = (
				F79460471DBA977D007B8DF2 /* XDLBestReservationHD */,
				F79460461DBA977D007B8DF2 /* Products */,
			);
			sourceTree = "<group>";
		};
		F79460461DBA977D007B8DF2 /* Products */ = {
			isa = PBXGroup;
			children = (
				F79460451DBA977D007B8DF2 /* XDLBestReservationHD.app */,
			);
			name = Products;
			sourceTree = "<group>";
		};
		F79460471DBA977D007B8DF2 /* XDLBestReservationHD */ = {
			isa = PBXGroup;
			children = (
				F794605F1DBAA2D4007B8DF2 /* Classes */,
				F794604B1DBA977D007B8DF2 /* AppDelegate.h */,
				F794604C1DBA977D007B8DF2 /* AppDelegate.m */,
				F79460481DBA977D007B8DF2 /* Supporting Files */,
			);
			path = XDLBestReservationHD;
			sourceTree = "<group>";
		};
		F79460481DBA977D007B8DF2 /* Supporting Files */ = {
			isa = PBXGroup;
			children = (
				F79460691DBAA520007B8DF2 /* Plist */,
				F79460591DBA977D007B8DF2 /* Info.plist */,
				F79460491DBA977D007B8DF2 /* main.m */,
				F79460541DBA977D007B8DF2 /* Assets.xcassets */,
			);
			name = "Supporting Files";
			sourceTree = "<group>";
		};
		F794605F1DBAA2D4007B8DF2 /* Classes */ = {
			isa = PBXGroup;
			children = (
				F79460601DBAA2D4007B8DF2 /* Home */,
				F79460641DBAA2D4007B8DF2 /* Main */,
			);
			path = Classes;
			sourceTree = "<group>";
		};
		F79460601DBAA2D4007B8DF2 /* Home */ = {
			isa = PBXGroup;
			children = (
				F79460611DBAA2D4007B8DF2 /* Controller */,
				F79460621DBAA2D4007B8DF2 /* Model */,
				F79460631DBAA2D4007B8DF2 /* View */,
			);
			path = Home;
			sourceTree = "<group>";
		};
		F79460611DBAA2D4007B8DF2 /* Controller */ = {
			isa = PBXGroup;
			children = (
			);
			path = Controller;
			sourceTree = "<group>";
		};
		F79460621DBAA2D4007B8DF2 /* Model */ = {
			isa = PBXGroup;
			children = (
			);
			path = Model;
			sourceTree = "<group>";
		};
		F79460631DBAA2D4007B8DF2 /* View */ = {
			isa = PBXGroup;
			children = (
			);
			path = View;
			sourceTree = "<group>";
		};
		F79460641DBAA2D4007B8DF2 /* Main */ = {
			isa = PBXGroup;
			children = (
				F79460651DBAA2D4007B8DF2 /* Category */,
				F79460661DBAA2D4007B8DF2 /* Common */,
				F79460671DBAA2D4007B8DF2 /* Lib */,
				F79460681DBAA2D4007B8DF2 /* Tool */,
			);
			path = Main;
			sourceTree = "<group>";
		};
		F79460651DBAA2D4007B8DF2 /* Category */ = {
			isa = PBXGroup;
			children = (
			);
			path = Category;
			sourceTree = "<group>";
		};
		F79460661DBAA2D4007B8DF2 /* Common */ = {
			isa = PBXGroup;
			children = (
			);
			path = Common;
			sourceTree = "<group>";
		};
		F79460671DBAA2D4007B8DF2 /* Lib */ = {
			isa = PBXGroup;
			children = (
			);
			path = Lib;
			sourceTree = "<group>";
		};
		F79460681DBAA2D4007B8DF2 /* Tool */ = {
			isa = PBXGroup;
			children = (
			);
			path = Tool;
			sourceTree = "<group>";
		};
		F79460691DBAA520007B8DF2 /* Plist */ = {
			isa = PBXGroup;
			children = (
				F794606A1DBAA520007B8DF2 /* categories.plist */,
				F794606B1DBAA520007B8DF2 /* cities.plist */,
				F794606C1DBAA520007B8DF2 /* cityGroups.plist */,
				F794606D1DBAA520007B8DF2 /* sorts.plist */,
			);
			path = Plist;
			sourceTree = "<group>";
		};
/* End PBXGroup section */

/* Begin PBXNativeTarget section */
		F79460441DBA977D007B8DF2 /* XDLBestReservationHD */ = {
			isa = PBXNativeTarget;
			buildConfigurationList = F794605C1DBA977D007B8DF2 /* Build configuration list for PBXNativeTarget "XDLBestReservationHD" */;
			buildPhases = (
				F79460411DBA977D007B8DF2 /* Sources */,
				F79460421DBA977D007B8DF2 /* Frameworks */,
				F79460431DBA977D007B8DF2 /* Resources */,
			);
			buildRules = (
			);
			dependencies = (
			);
			name = XDLBestReservationHD;
			productName = XDLBestReservationHD;
			productReference = F79460451DBA977D007B8DF2 /* XDLBestReservationHD.app */;
			productType = "com.apple.product-type.application";
		};
/* End PBXNativeTarget section */

/* Begin PBXProject section */
		F794603D1DBA977D007B8DF2 /* Project object */ = {
			isa = PBXProject;
			attributes = {
				LastUpgradeCheck = 0800;
				ORGANIZATIONNAME = itcast;
				TargetAttributes = {
					F79460441DBA977D007B8DF2 = {
						CreatedOnToolsVersion = 8.0;
						ProvisioningStyle = Automatic;
					};
				};
			};
			buildConfigurationList = F79460401DBA977D007B8DF2 /* Build configuration list for PBXProject "XDLBestReservationHD" */;
			compatibilityVersion = "Xcode 3.2";
			developmentRegion = English;
			hasScannedForEncodings = 0;
			knownRegions = (
				en,
				Base,
			);
			mainGroup = F794603C1DBA977D007B8DF2;
			productRefGroup = F79460461DBA977D007B8DF2 /* Products */;
			projectDirPath = "";
			projectRoot = "";
			targets = (
				F79460441DBA977D007B8DF2 /* XDLBestReservationHD */,
			);
		};
/* End PBXProject section */

/* Begin PBXResourcesBuildPhase section */
		F79460431DBA977D007B8DF2 /* Resources */ = {
			isa = PBXResourcesBuildPhase;
			buildActionMask = 2147483647;
			files = (
				F794606F1DBAA520007B8DF2 /* cities.plist in Resources */,
				F794606E1DBAA520007B8DF2 /* categories.plist in Resources */,
				F79460711DBAA520007B8DF2 /* sorts.plist in Resources */,
				F79460551DBA977D007B8DF2 /* Assets.xcassets in Resources */,
				F79460701DBAA520007B8DF2 /* cityGroups.plist in Resources */,
			);
			runOnlyForDeploymentPostprocessing = 0;
		};
/* End PBXResourcesBuildPhase section */

/* Begin PBXSourcesBuildPhase section */
		F79460411DBA977D007B8DF2 /* Sources */ = {
			isa = PBXSourcesBuildPhase;
			buildActionMask = 2147483647;
			files = (
				F794604D1DBA977D007B8DF2 /* AppDelegate.m in Sources */,
				F794604A1DBA977D007B8DF2 /* main.m in Sources */,
			);
			runOnlyForDeploymentPostprocessing = 0;
		};
/* End PBXSourcesBuildPhase section */

/* Begin XCBuildConfiguration section */
		F794605A1DBA977D007B8DF2 /* Debug */ = {
			isa = XCBuildConfiguration;
			buildSettings = {
				ALWAYS_SEARCH_USER_PATHS = NO;
				CLANG_ANALYZER_NONNULL = YES;
				CLANG_CXX_LANGUAGE_STANDARD = "gnu++0x";
				CLANG_CXX_LIBRARY = "libc++";
				CLANG_ENABLE_MODULES = YES;
				CLANG_ENABLE_OBJC_ARC = YES;
				CLANG_WARN_BOOL_CONVERSION = YES;
				CLANG_WARN_CONSTANT_CONVERSION = YES;
				CLANG_WARN_DIRECT_OBJC_ISA_USAGE = YES_ERROR;
				CLANG_WARN_DOCUMENTATION_COMMENTS = YES;
				CLANG_WARN_EMPTY_BODY = YES;
				CLANG_WARN_ENUM_CONVERSION = YES;
				CLANG_WARN_INFINITE_RECURSION = YES;
				CLANG_WARN_INT_CONVERSION = YES;
				CLANG_WARN_OBJC_ROOT_CLASS = YES_ERROR;
				CLANG_WARN_SUSPICIOUS_MOVES = YES;
				CLANG_WARN_UNREACHABLE_CODE = YES;
				CLANG_WARN__DUPLICATE_METHOD_MATCH = YES;
				"CODE_SIGN_IDENTITY[sdk=iphoneos*]" = "iPhone Developer";
				COPY_PHASE_STRIP = NO;
				DEBUG_INFORMATION_FORMAT = dwarf;
				ENABLE_STRICT_OBJC_MSGSEND = YES;
				ENABLE_TESTABILITY = YES;
				GCC_C_LANGUAGE_STANDARD = gnu99;
				GCC_DYNAMIC_NO_PIC = NO;
				GCC_NO_COMMON_BLOCKS = YES;
				GCC_OPTIMIZATION_LEVEL = 0;
				GCC_PREPROCESSOR_DEFINITIONS = (
					"DEBUG=1",
					"$(inherited)",
				);
				GCC_WARN_64_TO_32_BIT_CONVERSION = YES;
				GCC_WARN_ABOUT_RETURN_TYPE = YES_ERROR;
				GCC_WARN_UNDECLARED_SELECTOR = YES;
				GCC_WARN_UNINITIALIZED_AUTOS = YES_AGGRESSIVE;
				GCC_WARN_UNUSED_FUNCTION = YES;
				GCC_WARN_UNUSED_VARIABLE = YES;
				IPHONEOS_DEPLOYMENT_TARGET = 10.0;
				MTL_ENABLE_DEBUG_INFO = YES;
				ONLY_ACTIVE_ARCH = YES;
				SDKROOT = iphoneos;
				TARGETED_DEVICE_FAMILY = "1,2";
			};
			name = Debug;
		};
		F794605B1DBA977D007B8DF2 /* Release */ = {
			isa = XCBuildConfiguration;
			buildSettings = {
				ALWAYS_SEARCH_USER_PATHS = NO;
				CLANG_ANALYZER_NONNULL = YES;
				CLANG_CXX_LANGUAGE_STANDARD = "gnu++0x";
				CLANG_CXX_LIBRARY = "libc++";
				CLANG_ENABLE_MODULES = YES;
				CLANG_ENABLE_OBJC_ARC = YES;
				CLANG_WARN_BOOL_CONVERSION = YES;
				CLANG_WARN_CONSTANT_CONVERSION = YES;
				CLANG_WARN_DIRECT_OBJC_ISA_USAGE = YES_ERROR;
				CLANG_WARN_DOCUMENTATION_COMMENTS = YES;
				CLANG_WARN_EMPTY_BODY = YES;
				CLANG_WARN_ENUM_CONVERSION = YES;
				CLANG_WARN_INFINITE_RECURSION = YES;
				CLANG_WARN_INT_CONVERSION = YES;
				CLANG_WARN_OBJC_ROOT_CLASS = YES_ERROR;
				CLANG_WARN_SUSPICIOUS_MOVES = YES;
				CLANG_WARN_UNREACHABLE_CODE = YES;
				CLANG_WARN__DUPLICATE_METHOD_MATCH = YES;
				"CODE_SIGN_IDENTITY[sdk=iphoneos*]" = "iPhone Developer";
				COPY_PHASE_STRIP = NO;
				DEBUG_INFORMATION_FORMAT = "dwarf-with-dsym";
				ENABLE_NS_ASSERTIONS = NO;
				ENABLE_STRICT_OBJC_MSGSEND = YES;
				GCC_C_LANGUAGE_STANDARD = gnu99;
				GCC_NO_COMMON_BLOCKS = YES;
				GCC_WARN_64_TO_32_BIT_CONVERSION = YES;
				GCC_WARN_ABOUT_RETURN_TYPE = YES_ERROR;
				GCC_WARN_UNDECLARED_SELECTOR = YES;
				GCC_WARN_UNINITIALIZED_AUTOS = YES_AGGRESSIVE;
				GCC_WARN_UNUSED_FUNCTION = YES;
				GCC_WARN_UNUSED_VARIABLE = YES;
				IPHONEOS_DEPLOYMENT_TARGET = 10.0;
				MTL_ENABLE_DEBUG_INFO = NO;
				SDKROOT = iphoneos;
				TARGETED_DEVICE_FAMILY = "1,2";
				VALIDATE_PRODUCT = YES;
			};
			name = Release;
		};
		F794605D1DBA977D007B8DF2 /* Debug */ = {
			isa = XCBuildConfiguration;
			buildSettings = {
				ASSETCATALOG_COMPILER_APPICON_NAME = AppIcon;
				ASSETCATALOG_COMPILER_LAUNCHIMAGE_NAME = LaunchImage;
				INFOPLIST_FILE = XDLBestReservationHD/Info.plist;
				IPHONEOS_DEPLOYMENT_TARGET = 8.0;
				LD_RUNPATH_SEARCH_PATHS = "$(inherited) @executable_path/Frameworks";
				PRODUCT_BUNDLE_IDENTIFIER = cn.xdl.ios.XDLBestReservationHD;
				PRODUCT_NAME = "$(TARGET_NAME)";
			};
			name = Debug;
		};
		F794605E1DBA977D007B8DF2 /* Release */ = {
			isa = XCBuildConfiguration;
			buildSettings = {
				ASSETCATALOG_COMPILER_APPICON_NAME = AppIcon;
				ASSETCATALOG_COMPILER_LAUNCHIMAGE_NAME = LaunchImage;
				INFOPLIST_FILE = XDLBestReservationHD/Info.plist;
				IPHONEOS_DEPLOYMENT_TARGET = 8.0;
				LD_RUNPATH_SEARCH_PATHS = "$(inherited) @executable_path/Frameworks";
				PRODUCT_BUNDLE_IDENTIFIER = cn.xdl.ios.XDLBestReservationHD;
				PRODUCT_NAME = "$(TARGET_NAME)";
			};
			name = Release;
		};
/* End XCBuildConfiguration section */

/* Begin XCConfigurationList section */
		F79460401DBA977D007B8DF2 /* Build configuration list for PBXProject "XDLBestReservationHD" */ = {
			isa = XCConfigurationList;
			buildConfigurations = (
				F794605A1DBA977D007B8DF2 /* Debug */,
				F794605B1DBA977D007B8DF2 /* Release */,
			);
			defaultConfigurationIsVisible = 0;
			defaultConfigurationName = Release;
		};
		F794605C1DBA977D007B8DF2 /* Build configuration list for PBXNativeTarget "XDLBestReservationHD" */ = {
			isa = XCConfigurationList;
			buildConfigurations = (
				F794605D1DBA977D007B8DF2 /* Debug */,
				F794605E1DBA977D007B8DF2 /* Release */,
			);
			defaultConfigurationIsVisible = 0;
		};
/* End XCConfigurationList section */
	};
	rootObject = F794603D1DBA977D007B8DF2 /* Project object */;
}
