// !$*UTF8*$!
{
	archiveVersion = 1;
	classes = {
	};
	objectVersion = 46;
	objects = {

/* Begin PBXBuildFile section */
		9837AF18349E9B364E9C9B52 /* libPods-XDLBestReservationHD.a in Frameworks */ = {isa = PBXBuildFile; fileRef = 818A494B72606DD0C1CCD50A /* libPods-XDLBestReservationHD.a */; };
		F776D56E1DFCA995003067B9 /* HMCategoryViewController.m in Sources */ = {isa = PBXBuildFile; fileRef = F776D5521DFCA995003067B9 /* HMCategoryViewController.m */; };
		F776D56F1DFCA995003067B9 /* HMHomeViewController.m in Sources */ = {isa = PBXBuildFile; fileRef = F776D5541DFCA995003067B9 /* HMHomeViewController.m */; };
		F776D5701DFCA995003067B9 /* HMCategoryModel.m in Sources */ = {isa = PBXBuildFile; fileRef = F776D5571DFCA995003067B9 /* HMCategoryModel.m */; };
		F776D5711DFCA995003067B9 /* HMDropdownLeftTableViewCell.m in Sources */ = {isa = PBXBuildFile; fileRef = F776D55A1DFCA995003067B9 /* HMDropdownLeftTableViewCell.m */; };
		F776D5721DFCA995003067B9 /* HMDropdownRightTableViewCell.m in Sources */ = {isa = PBXBuildFile; fileRef = F776D55C1DFCA995003067B9 /* HMDropdownRightTableViewCell.m */; };
		F776D5731DFCA995003067B9 /* HMDropdownView.m in Sources */ = {isa = PBXBuildFile; fileRef = F776D55E1DFCA995003067B9 /* HMDropdownView.m */; };
		F776D5741DFCA995003067B9 /* HMDropdownView.xib in Resources */ = {isa = PBXBuildFile; fileRef = F776D55F1DFCA995003067B9 /* HMDropdownView.xib */; };
		F776D5751DFCA995003067B9 /* HomeNavView.m in Sources */ = {isa = PBXBuildFile; fileRef = F776D5611DFCA995003067B9 /* HomeNavView.m */; };
		F776D5761DFCA995003067B9 /* HomeNavView.xib in Resources */ = {isa = PBXBuildFile; fileRef = F776D5621DFCA995003067B9 /* HomeNavView.xib */; };
		F776D5771DFCA995003067B9 /* UIBarButtonItem+HMCategory.m in Sources */ = {isa = PBXBuildFile; fileRef = F776D5661DFCA995003067B9 /* UIBarButtonItem+HMCategory.m */; };
		F776D5781DFCA995003067B9 /* UIView+HMCategory.m in Sources */ = {isa = PBXBuildFile; fileRef = F776D5681DFCA995003067B9 /* UIView+HMCategory.m */; };
		F776D5791DFCA995003067B9 /* HMNavigateController.m in Sources */ = {isa = PBXBuildFile; fileRef = F776D56B1DFCA995003067B9 /* HMNavigateController.m */; };
		F776D57D1DFCD2BE003067B9 /* XDLDistrictViewController.m in Sources */ = {isa = PBXBuildFile; fileRef = F776D57B1DFCD2BE003067B9 /* XDLDistrictViewController.m */; };
		F776D57E1DFCD2BE003067B9 /* XDLDistrictViewController.xib in Resources */ = {isa = PBXBuildFile; fileRef = F776D57C1DFCD2BE003067B9 /* XDLDistrictViewController.xib */; };
		F776D5811DFCD304003067B9 /* XDLDistrictModel.m in Sources */ = {isa = PBXBuildFile; fileRef = F776D5801DFCD304003067B9 /* XDLDistrictModel.m */; };
		F776D5841DFCF3B1003067B9 /* XDLCityModel.m in Sources */ = {isa = PBXBuildFile; fileRef = F776D5831DFCF3B1003067B9 /* XDLCityModel.m */; };
		F776D5881DFD8547003067B9 /* XDLCityViewController.m in Sources */ = {isa = PBXBuildFile; fileRef = F776D5861DFD8547003067B9 /* XDLCityViewController.m */; };
		F776D5891DFD8547003067B9 /* XDLCityViewController.xib in Resources */ = {isa = PBXBuildFile; fileRef = F776D5871DFD8547003067B9 /* XDLCityViewController.xib */; };
		F776D58C1DFD8572003067B9 /* XDLCityGroupModel.m in Sources */ = {isa = PBXBuildFile; fileRef = F776D58B1DFD8572003067B9 /* XDLCityGroupModel.m */; };
		F776D58F1DFDE69F003067B9 /* XDLConst.m in Sources */ = {isa = PBXBuildFile; fileRef = F776D58E1DFDE69F003067B9 /* XDLConst.m */; };
		F776D5921DFDF4B2003067B9 /* XDLSearchTableViewController.m in Sources */ = {isa = PBXBuildFile; fileRef = F776D5911DFDF4B2003067B9 /* XDLSearchTableViewController.m */; };
		F794604A1DBA977D007B8DF2 /* main.m in Sources */ = {isa = PBXBuildFile; fileRef = F79460491DBA977D007B8DF2 /* main.m */; };
		F794604D1DBA977D007B8DF2 /* AppDelegate.m in Sources */ = {isa = PBXBuildFile; fileRef = F794604C1DBA977D007B8DF2 /* AppDelegate.m */; };
		F79460551DBA977D007B8DF2 /* Assets.xcassets in Resources */ = {isa = PBXBuildFile; fileRef = F79460541DBA977D007B8DF2 /* Assets.xcassets */; };
		F794606E1DBAA520007B8DF2 /* categories.plist in Resources */ = {isa = PBXBuildFile; fileRef = F794606A1DBAA520007B8DF2 /* categories.plist */; };
		F794606F1DBAA520007B8DF2 /* cities.plist in Resources */ = {isa = PBXBuildFile; fileRef = F794606B1DBAA520007B8DF2 /* cities.plist */; };
		F79460701DBAA520007B8DF2 /* cityGroups.plist in Resources */ = {isa = PBXBuildFile; fileRef = F794606C1DBAA520007B8DF2 /* cityGroups.plist */; };
		F79460711DBAA520007B8DF2 /* sorts.plist in Resources */ = {isa = PBXBuildFile; fileRef = F794606D1DBAA520007B8DF2 /* sorts.plist */; };
		F7EC39DB1DFE5619001FEB33 /* XDLSortViewController.m in Sources */ = {isa = PBXBuildFile; fileRef = F7EC39DA1DFE5619001FEB33 /* XDLSortViewController.m */; };
		F7EC39DE1DFE642C001FEB33 /* XDLSortModel.m in Sources */ = {isa = PBXBuildFile; fileRef = F7EC39DD1DFE642C001FEB33 /* XDLSortModel.m */; };
		F7EC39EA1DFFA8FC001FEB33 /* AwesomeMenu.m in Sources */ = {isa = PBXBuildFile; fileRef = F7EC39E11DFFA8FC001FEB33 /* AwesomeMenu.m */; };
		F7EC39EB1DFFA8FC001FEB33 /* AwesomeMenuItem.m in Sources */ = {isa = PBXBuildFile; fileRef = F7EC39E31DFFA8FC001FEB33 /* AwesomeMenuItem.m */; };
		F7EC39EC1DFFA8FC001FEB33 /* DPAPI.m in Sources */ = {isa = PBXBuildFile; fileRef = F7EC39E61DFFA8FC001FEB33 /* DPAPI.m */; };
		F7EC39ED1DFFA8FC001FEB33 /* DPRequest.m in Sources */ = {isa = PBXBuildFile; fileRef = F7EC39E91DFFA8FC001FEB33 /* DPRequest.m */; };
/* End PBXBuildFile section */

/* Begin PBXFileReference section */
		151BCA9147B8E81B5B4D8F0F /* Pods-XDLBestReservationHD.release.xcconfig */ = {isa = PBXFileReference; includeInIndex = 1; lastKnownFileType = text.xcconfig; name = "Pods-XDLBestReservationHD.release.xcconfig"; path = "Pods/Target Support Files/Pods-XDLBestReservationHD/Pods-XDLBestReservationHD.release.xcconfig"; sourceTree = "<group>"; };
		818A494B72606DD0C1CCD50A /* libPods-XDLBestReservationHD.a */ = {isa = PBXFileReference; explicitFileType = archive.ar; includeInIndex = 0; path = "libPods-XDLBestReservationHD.a"; sourceTree = BUILT_PRODUCTS_DIR; };
		CE0D98DAF17FCF37FA21BDD6 /* Pods-XDLBestReservationHD.debug.xcconfig */ = {isa = PBXFileReference; includeInIndex = 1; lastKnownFileType = text.xcconfig; name = "Pods-XDLBestReservationHD.debug.xcconfig"; path = "Pods/Target Support Files/Pods-XDLBestReservationHD/Pods-XDLBestReservationHD.debug.xcconfig"; sourceTree = "<group>"; };
		F776D5511DFCA995003067B9 /* HMCategoryViewController.h */ = {isa = PBXFileReference; fileEncoding = 4; lastKnownFileType = sourcecode.c.h; path = HMCategoryViewController.h; sourceTree = "<group>"; };
		F776D5521DFCA995003067B9 /* HMCategoryViewController.m */ = {isa = PBXFileReference; fileEncoding = 4; lastKnownFileType = sourcecode.c.objc; path = HMCategoryViewController.m; sourceTree = "<group>"; };
		F776D5531DFCA995003067B9 /* HMHomeViewController.h */ = {isa = PBXFileReference; fileEncoding = 4; lastKnownFileType = sourcecode.c.h; path = HMHomeViewController.h; sourceTree = "<group>"; };
		F776D5541DFCA995003067B9 /* HMHomeViewController.m */ = {isa = PBXFileReference; fileEncoding = 4; lastKnownFileType = sourcecode.c.objc; path = HMHomeViewController.m; sourceTree = "<group>"; };
		F776D5561DFCA995003067B9 /* HMCategoryModel.h */ = {isa = PBXFileReference; fileEncoding = 4; lastKnownFileType = sourcecode.c.h; path = HMCategoryModel.h; sourceTree = "<group>"; };
		F776D5571DFCA995003067B9 /* HMCategoryModel.m */ = {isa = PBXFileReference; fileEncoding = 4; lastKnownFileType = sourcecode.c.objc; path = HMCategoryModel.m; sourceTree = "<group>"; };
		F776D5591DFCA995003067B9 /* HMDropdownLeftTableViewCell.h */ = {isa = PBXFileReference; fileEncoding = 4; lastKnownFileType = sourcecode.c.h; path = HMDropdownLeftTableViewCell.h; sourceTree = "<group>"; };
		F776D55A1DFCA995003067B9 /* HMDropdownLeftTableViewCell.m */ = {isa = PBXFileReference; fileEncoding = 4; lastKnownFileType = sourcecode.c.objc; path = HMDropdownLeftTableViewCell.m; sourceTree = "<group>"; };
		F776D55B1DFCA995003067B9 /* HMDropdownRightTableViewCell.h */ = {isa = PBXFileReference; fileEncoding = 4; lastKnownFileType = sourcecode.c.h; path = HMDropdownRightTableViewCell.h; sourceTree = "<group>"; };
		F776D55C1DFCA995003067B9 /* HMDropdownRightTableViewCell.m */ = {isa = PBXFileReference; fileEncoding = 4; lastKnownFileType = sourcecode.c.objc; path = HMDropdownRightTableViewCell.m; sourceTree = "<group>"; };
		F776D55D1DFCA995003067B9 /* HMDropdownView.h */ = {isa = PBXFileReference; fileEncoding = 4; lastKnownFileType = sourcecode.c.h; path = HMDropdownView.h; sourceTree = "<group>"; };
		F776D55E1DFCA995003067B9 /* HMDropdownView.m */ = {isa = PBXFileReference; fileEncoding = 4; lastKnownFileType = sourcecode.c.objc; path = HMDropdownView.m; sourceTree = "<group>"; };
		F776D55F1DFCA995003067B9 /* HMDropdownView.xib */ = {isa = PBXFileReference; fileEncoding = 4; lastKnownFileType = file.xib; path = HMDropdownView.xib; sourceTree = "<group>"; };
		F776D5601DFCA995003067B9 /* HomeNavView.h */ = {isa = PBXFileReference; fileEncoding = 4; lastKnownFileType = sourcecode.c.h; path = HomeNavView.h; sourceTree = "<group>"; };
		F776D5611DFCA995003067B9 /* HomeNavView.m */ = {isa = PBXFileReference; fileEncoding = 4; lastKnownFileType = sourcecode.c.objc; path = HomeNavView.m; sourceTree = "<group>"; };
		F776D5621DFCA995003067B9 /* HomeNavView.xib */ = {isa = PBXFileReference; fileEncoding = 4; lastKnownFileType = file.xib; path = HomeNavView.xib; sourceTree = "<group>"; };
		F776D5651DFCA995003067B9 /* UIBarButtonItem+HMCategory.h */ = {isa = PBXFileReference; fileEncoding = 4; lastKnownFileType = sourcecode.c.h; path = "UIBarButtonItem+HMCategory.h"; sourceTree = "<group>"; };
		F776D5661DFCA995003067B9 /* UIBarButtonItem+HMCategory.m */ = {isa = PBXFileReference; fileEncoding = 4; lastKnownFileType = sourcecode.c.objc; path = "UIBarButtonItem+HMCategory.m"; sourceTree = "<group>"; };
		F776D5671DFCA995003067B9 /* UIView+HMCategory.h */ = {isa = PBXFileReference; fileEncoding = 4; lastKnownFileType = sourcecode.c.h; path = "UIView+HMCategory.h"; sourceTree = "<group>"; };
		F776D5681DFCA995003067B9 /* UIView+HMCategory.m */ = {isa = PBXFileReference; fileEncoding = 4; lastKnownFileType = sourcecode.c.objc; path = "UIView+HMCategory.m"; sourceTree = "<group>"; };
		F776D56A1DFCA995003067B9 /* HMNavigateController.h */ = {isa = PBXFileReference; fileEncoding = 4; lastKnownFileType = sourcecode.c.h; path = HMNavigateController.h; sourceTree = "<group>"; };
		F776D56B1DFCA995003067B9 /* HMNavigateController.m */ = {isa = PBXFileReference; fileEncoding = 4; lastKnownFileType = sourcecode.c.objc; path = HMNavigateController.m; sourceTree = "<group>"; };
		F776D57A1DFCD2BE003067B9 /* XDLDistrictViewController.h */ = {isa = PBXFileReference; fileEncoding = 4; lastKnownFileType = sourcecode.c.h; path = XDLDistrictViewController.h; sourceTree = "<group>"; };
		F776D57B1DFCD2BE003067B9 /* XDLDistrictViewController.m */ = {isa = PBXFileReference; fileEncoding = 4; lastKnownFileType = sourcecode.c.objc; path = XDLDistrictViewController.m; sourceTree = "<group>"; };
		F776D57C1DFCD2BE003067B9 /* XDLDistrictViewController.xib */ = {isa = PBXFileReference; fileEncoding = 4; lastKnownFileType = file.xib; path = XDLDistrictViewController.xib; sourceTree = "<group>"; };
		F776D57F1DFCD304003067B9 /* XDLDistrictModel.h */ = {isa = PBXFileReference; fileEncoding = 4; lastKnownFileType = sourcecode.c.h; path = XDLDistrictModel.h; sourceTree = "<group>"; };
		F776D5801DFCD304003067B9 /* XDLDistrictModel.m */ = {isa = PBXFileReference; fileEncoding = 4; lastKnownFileType = sourcecode.c.objc; path = XDLDistrictModel.m; sourceTree = "<group>"; };
		F776D5821DFCF3B1003067B9 /* XDLCityModel.h */ = {isa = PBXFileReference; fileEncoding = 4; lastKnownFileType = sourcecode.c.h; path = XDLCityModel.h; sourceTree = "<group>"; };
		F776D5831DFCF3B1003067B9 /* XDLCityModel.m */ = {isa = PBXFileReference; fileEncoding = 4; lastKnownFileType = sourcecode.c.objc; path = XDLCityModel.m; sourceTree = "<group>"; };
		F776D5851DFD8547003067B9 /* XDLCityViewController.h */ = {isa = PBXFileReference; fileEncoding = 4; lastKnownFileType = sourcecode.c.h; path = XDLCityViewController.h; sourceTree = "<group>"; };
		F776D5861DFD8547003067B9 /* XDLCityViewController.m */ = {isa = PBXFileReference; fileEncoding = 4; lastKnownFileType = sourcecode.c.objc; path = XDLCityViewController.m; sourceTree = "<group>"; };
		F776D5871DFD8547003067B9 /* XDLCityViewController.xib */ = {isa = PBXFileReference; fileEncoding = 4; lastKnownFileType = file.xib; path = XDLCityViewController.xib; sourceTree = "<group>"; };
		F776D58A1DFD8572003067B9 /* XDLCityGroupModel.h */ = {isa = PBXFileReference; fileEncoding = 4; lastKnownFileType = sourcecode.c.h; path = XDLCityGroupModel.h; sourceTree = "<group>"; };
		F776D58B1DFD8572003067B9 /* XDLCityGroupModel.m */ = {isa = PBXFileReference; fileEncoding = 4; lastKnownFileType = sourcecode.c.objc; path = XDLCityGroupModel.m; sourceTree = "<group>"; };
		F776D58D1DFDE69E003067B9 /* XDLConst.h */ = {isa = PBXFileReference; fileEncoding = 4; lastKnownFileType = sourcecode.c.h; path = XDLConst.h; sourceTree = "<group>"; };
		F776D58E1DFDE69F003067B9 /* XDLConst.m */ = {isa = PBXFileReference; fileEncoding = 4; lastKnownFileType = sourcecode.c.objc; path = XDLConst.m; sourceTree = "<group>"; };
		F776D5901DFDF4B2003067B9 /* XDLSearchTableViewController.h */ = {isa = PBXFileReference; fileEncoding = 4; lastKnownFileType = sourcecode.c.h; path = XDLSearchTableViewController.h; sourceTree = "<group>"; };
		F776D5911DFDF4B2003067B9 /* XDLSearchTableViewController.m */ = {isa = PBXFileReference; fileEncoding = 4; lastKnownFileType = sourcecode.c.objc; path = XDLSearchTableViewController.m; sourceTree = "<group>"; };
		F79460451DBA977D007B8DF2 /* XDLBestReservationHD.app */ = {isa = PBXFileReference; explicitFileType = wrapper.application; includeInIndex = 0; path = XDLBestReservationHD.app; sourceTree = BUILT_PRODUCTS_DIR; };
		F79460491DBA977D007B8DF2 /* main.m */ = {isa = PBXFileReference; lastKnownFileType = sourcecode.c.objc; path = main.m; sourceTree = "<group>"; };
		F794604B1DBA977D007B8DF2 /* AppDelegate.h */ = {isa = PBXFileReference; lastKnownFileType = sourcecode.c.h; path = AppDelegate.h; sourceTree = "<group>"; };
		F794604C1DBA977D007B8DF2 /* AppDelegate.m */ = {isa = PBXFileReference; lastKnownFileType = sourcecode.c.objc; path = AppDelegate.m; sourceTree = "<group>"; };
		F79460541DBA977D007B8DF2 /* Assets.xcassets */ = {isa = PBXFileReference; lastKnownFileType = folder.assetcatalog; path = Assets.xcassets; sourceTree = "<group>"; };
		F79460591DBA977D007B8DF2 /* Info.plist */ = {isa = PBXFileReference; lastKnownFileType = text.plist.xml; path = Info.plist; sourceTree = "<group>"; };
		F794606A1DBAA520007B8DF2 /* categories.plist */ = {isa = PBXFileReference; fileEncoding = 4; lastKnownFileType = text.plist.xml; path = categories.plist; sourceTree = "<group>"; };
		F794606B1DBAA520007B8DF2 /* cities.plist */ = {isa = PBXFileReference; fileEncoding = 4; lastKnownFileType = text.plist.xml; path = cities.plist; sourceTree = "<group>"; };
		F794606C1DBAA520007B8DF2 /* cityGroups.plist */ = {isa = PBXFileReference; fileEncoding = 4; lastKnownFileType = text.plist.xml; path = cityGroups.plist; sourceTree = "<group>"; };
		F794606D1DBAA520007B8DF2 /* sorts.plist */ = {isa = PBXFileReference; fileEncoding = 4; lastKnownFileType = text.plist.xml; path = sorts.plist; sourceTree = "<group>"; };
		F79460751DBAABF4007B8DF2 /* PrefixHeader.pch */ = {isa = PBXFileReference; lastKnownFileType = sourcecode.c.h; path = PrefixHeader.pch; sourceTree = "<group>"; };
		F7EC39D91DFE5619001FEB33 /* XDLSortViewController.h */ = {isa = PBXFileReference; fileEncoding = 4; lastKnownFileType = sourcecode.c.h; path = XDLSortViewController.h; sourceTree = "<group>"; };
		F7EC39DA1DFE5619001FEB33 /* XDLSortViewController.m */ = {isa = PBXFileReference; fileEncoding = 4; lastKnownFileType = sourcecode.c.objc; path = XDLSortViewController.m; sourceTree = "<group>"; };
		F7EC39DC1DFE642C001FEB33 /* XDLSortModel.h */ = {isa = PBXFileReference; fileEncoding = 4; lastKnownFileType = sourcecode.c.h; path = XDLSortModel.h; sourceTree = "<group>"; };
		F7EC39DD1DFE642C001FEB33 /* XDLSortModel.m */ = {isa = PBXFileReference; fileEncoding = 4; lastKnownFileType = sourcecode.c.objc; path = XDLSortModel.m; sourceTree = "<group>"; };
		F7EC39E01DFFA8FC001FEB33 /* AwesomeMenu.h */ = {isa = PBXFileReference; fileEncoding = 4; lastKnownFileType = sourcecode.c.h; path = AwesomeMenu.h; sourceTree = "<group>"; };
		F7EC39E11DFFA8FC001FEB33 /* AwesomeMenu.m */ = {isa = PBXFileReference; fileEncoding = 4; lastKnownFileType = sourcecode.c.objc; path = AwesomeMenu.m; sourceTree = "<group>"; };
		F7EC39E21DFFA8FC001FEB33 /* AwesomeMenuItem.h */ = {isa = PBXFileReference; fileEncoding = 4; lastKnownFileType = sourcecode.c.h; path = AwesomeMenuItem.h; sourceTree = "<group>"; };
		F7EC39E31DFFA8FC001FEB33 /* AwesomeMenuItem.m */ = {isa = PBXFileReference; fileEncoding = 4; lastKnownFileType = sourcecode.c.objc; path = AwesomeMenuItem.m; sourceTree = "<group>"; };
		F7EC39E51DFFA8FC001FEB33 /* DPAPI.h */ = {isa = PBXFileReference; fileEncoding = 4; lastKnownFileType = sourcecode.c.h; path = DPAPI.h; sourceTree = "<group>"; };
		F7EC39E61DFFA8FC001FEB33 /* DPAPI.m */ = {isa = PBXFileReference; fileEncoding = 4; lastKnownFileType = sourcecode.c.objc; path = DPAPI.m; sourceTree = "<group>"; };
		F7EC39E71DFFA8FC001FEB33 /* DPConstants.h */ = {isa = PBXFileReference; fileEncoding = 4; lastKnownFileType = sourcecode.c.h; path = DPConstants.h; sourceTree = "<group>"; };
		F7EC39E81DFFA8FC001FEB33 /* DPRequest.h */ = {isa = PBXFileReference; fileEncoding = 4; lastKnownFileType = sourcecode.c.h; path = DPRequest.h; sourceTree = "<group>"; };
		F7EC39E91DFFA8FC001FEB33 /* DPRequest.m */ = {isa = PBXFileReference; fileEncoding = 4; lastKnownFileType = sourcecode.c.objc; path = DPRequest.m; sourceTree = "<group>"; };
/* End PBXFileReference section */

/* Begin PBXFrameworksBuildPhase section */
		F79460421DBA977D007B8DF2 /* Frameworks */ = {
			isa = PBXFrameworksBuildPhase;
			buildActionMask = 2147483647;
			files = (
				9837AF18349E9B364E9C9B52 /* libPods-XDLBestReservationHD.a in Frameworks */,
			);
			runOnlyForDeploymentPostprocessing = 0;
		};
/* End PBXFrameworksBuildPhase section */

/* Begin PBXGroup section */
		F10F66E11E813BF4A51990C1 /* Pods */ = {
			isa = PBXGroup;
			children = (
				CE0D98DAF17FCF37FA21BDD6 /* Pods-XDLBestReservationHD.debug.xcconfig */,
				151BCA9147B8E81B5B4D8F0F /* Pods-XDLBestReservationHD.release.xcconfig */,
			);
			name = Pods;
			sourceTree = "<group>";
		};
		F5614FF54BAB202BE1186888 /* Frameworks */ = {
			isa = PBXGroup;
			children = (
				818A494B72606DD0C1CCD50A /* libPods-XDLBestReservationHD.a */,
			);
			name = Frameworks;
			sourceTree = "<group>";
		};
		F776D54E1DFCA995003067B9 /* Classes */ = {
			isa = PBXGroup;
			children = (
				F776D54F1DFCA995003067B9 /* Home(首页) */,
				F776D5631DFCA995003067B9 /* Main(主要) */,
			);
			path = Classes;
			sourceTree = "<group>";
		};
		F776D54F1DFCA995003067B9 /* Home(首页) */ = {
			isa = PBXGroup;
			children = (
				F776D5501DFCA995003067B9 /* Controller */,
				F776D5551DFCA995003067B9 /* Model */,
				F776D5581DFCA995003067B9 /* View */,
			);
			path = "Home(首页)";
			sourceTree = "<group>";
		};
		F776D5501DFCA995003067B9 /* Controller */ = {
			isa = PBXGroup;
			children = (
				F776D5511DFCA995003067B9 /* HMCategoryViewController.h */,
				F776D5521DFCA995003067B9 /* HMCategoryViewController.m */,
				F776D5531DFCA995003067B9 /* HMHomeViewController.h */,
				F776D5541DFCA995003067B9 /* HMHomeViewController.m */,
				F776D57A1DFCD2BE003067B9 /* XDLDistrictViewController.h */,
				F776D57B1DFCD2BE003067B9 /* XDLDistrictViewController.m */,
				F776D57C1DFCD2BE003067B9 /* XDLDistrictViewController.xib */,
				F776D5851DFD8547003067B9 /* XDLCityViewController.h */,
				F776D5861DFD8547003067B9 /* XDLCityViewController.m */,
				F776D5871DFD8547003067B9 /* XDLCityViewController.xib */,
				F776D5901DFDF4B2003067B9 /* XDLSearchTableViewController.h */,
				F776D5911DFDF4B2003067B9 /* XDLSearchTableViewController.m */,
				F7EC39D91DFE5619001FEB33 /* XDLSortViewController.h */,
				F7EC39DA1DFE5619001FEB33 /* XDLSortViewController.m */,
			);
			path = Controller;
			sourceTree = "<group>";
		};
		F776D5551DFCA995003067B9 /* Model */ = {
			isa = PBXGroup;
			children = (
				F776D5561DFCA995003067B9 /* HMCategoryModel.h */,
				F776D5571DFCA995003067B9 /* HMCategoryModel.m */,
				F776D57F1DFCD304003067B9 /* XDLDistrictModel.h */,
				F776D5801DFCD304003067B9 /* XDLDistrictModel.m */,
				F776D5821DFCF3B1003067B9 /* XDLCityModel.h */,
				F776D5831DFCF3B1003067B9 /* XDLCityModel.m */,
				F776D58A1DFD8572003067B9 /* XDLCityGroupModel.h */,
				F776D58B1DFD8572003067B9 /* XDLCityGroupModel.m */,
				F7EC39DC1DFE642C001FEB33 /* XDLSortModel.h */,
				F7EC39DD1DFE642C001FEB33 /* XDLSortModel.m */,
			);
			path = Model;
			sourceTree = "<group>";
		};
		F776D5581DFCA995003067B9 /* View */ = {
			isa = PBXGroup;
			children = (
				F776D5591DFCA995003067B9 /* HMDropdownLeftTableViewCell.h */,
				F776D55A1DFCA995003067B9 /* HMDropdownLeftTableViewCell.m */,
				F776D55B1DFCA995003067B9 /* HMDropdownRightTableViewCell.h */,
				F776D55C1DFCA995003067B9 /* HMDropdownRightTableViewCell.m */,
				F776D55D1DFCA995003067B9 /* HMDropdownView.h */,
				F776D55E1DFCA995003067B9 /* HMDropdownView.m */,
				F776D55F1DFCA995003067B9 /* HMDropdownView.xib */,
				F776D5601DFCA995003067B9 /* HomeNavView.h */,
				F776D5611DFCA995003067B9 /* HomeNavView.m */,
				F776D5621DFCA995003067B9 /* HomeNavView.xib */,
			);
			path = View;
			sourceTree = "<group>";
		};
		F776D5631DFCA995003067B9 /* Main(主要) */ = {
			isa = PBXGroup;
			children = (
				F776D5641DFCA995003067B9 /* Category */,
				F776D5691DFCA995003067B9 /* Common */,
				F776D56C1DFCA995003067B9 /* Lib */,
				F776D56D1DFCA995003067B9 /* Tool */,
			);
			path = "Main(主要)";
			sourceTree = "<group>";
		};
		F776D5641DFCA995003067B9 /* Category */ = {
			isa = PBXGroup;
			children = (
				F776D5651DFCA995003067B9 /* UIBarButtonItem+HMCategory.h */,
				F776D5661DFCA995003067B9 /* UIBarButtonItem+HMCategory.m */,
				F776D5671DFCA995003067B9 /* UIView+HMCategory.h */,
				F776D5681DFCA995003067B9 /* UIView+HMCategory.m */,
			);
			path = Category;
			sourceTree = "<group>";
		};
		F776D5691DFCA995003067B9 /* Common */ = {
			isa = PBXGroup;
			children = (
				F776D56A1DFCA995003067B9 /* HMNavigateController.h */,
				F776D56B1DFCA995003067B9 /* HMNavigateController.m */,
			);
			path = Common;
			sourceTree = "<group>";
		};
		F776D56C1DFCA995003067B9 /* Lib */ = {
			isa = PBXGroup;
			children = (
				F7EC39DF1DFFA8FC001FEB33 /* AwesomeMenu */,
				F7EC39E41DFFA8FC001FEB33 /* dianpingapi */,
			);
			path = Lib;
			sourceTree = "<group>";
		};
		F776D56D1DFCA995003067B9 /* Tool */ = {
			isa = PBXGroup;
			children = (
				F776D58D1DFDE69E003067B9 /* XDLConst.h */,
				F776D58E1DFDE69F003067B9 /* XDLConst.m */,
			);
			path = Tool;
			sourceTree = "<group>";
		};
		F794603C1DBA977D007B8DF2 = {
			isa = PBXGroup;
			children = (
				F79460471DBA977D007B8DF2 /* XDLBestReservationHD */,
				F79460461DBA977D007B8DF2 /* Products */,
				F10F66E11E813BF4A51990C1 /* Pods */,
				F5614FF54BAB202BE1186888 /* Frameworks */,
			);
			sourceTree = "<group>";
		};
		F79460461DBA977D007B8DF2 /* Products */ = {
			isa = PBXGroup;
			children = (
				F79460451DBA977D007B8DF2 /* XDLBestReservationHD.app */,
			);
			name = Products;
			sourceTree = "<group>";
		};
		F79460471DBA977D007B8DF2 /* XDLBestReservationHD */ = {
			isa = PBXGroup;
			children = (
				F776D54E1DFCA995003067B9 /* Classes */,
				F794604B1DBA977D007B8DF2 /* AppDelegate.h */,
				F794604C1DBA977D007B8DF2 /* AppDelegate.m */,
				F79460481DBA977D007B8DF2 /* Supporting Files */,
				F79460751DBAABF4007B8DF2 /* PrefixHeader.pch */,
			);
			path = XDLBestReservationHD;
			sourceTree = "<group>";
		};
		F79460481DBA977D007B8DF2 /* Supporting Files */ = {
			isa = PBXGroup;
			children = (
				F79460691DBAA520007B8DF2 /* Plist */,
				F79460591DBA977D007B8DF2 /* Info.plist */,
				F79460491DBA977D007B8DF2 /* main.m */,
				F79460541DBA977D007B8DF2 /* Assets.xcassets */,
			);
			name = "Supporting Files";
			sourceTree = "<group>";
		};
		F79460691DBAA520007B8DF2 /* Plist */ = {
			isa = PBXGroup;
			children = (
				F794606A1DBAA520007B8DF2 /* categories.plist */,
				F794606B1DBAA520007B8DF2 /* cities.plist */,
				F794606C1DBAA520007B8DF2 /* cityGroups.plist */,
				F794606D1DBAA520007B8DF2 /* sorts.plist */,
			);
			path = Plist;
			sourceTree = "<group>";
		};
		F7EC39DF1DFFA8FC001FEB33 /* AwesomeMenu */ = {
			isa = PBXGroup;
			children = (
				F7EC39E01DFFA8FC001FEB33 /* AwesomeMenu.h */,
				F7EC39E11DFFA8FC001FEB33 /* AwesomeMenu.m */,
				F7EC39E21DFFA8FC001FEB33 /* AwesomeMenuItem.h */,
				F7EC39E31DFFA8FC001FEB33 /* AwesomeMenuItem.m */,
			);
			path = AwesomeMenu;
			sourceTree = "<group>";
		};
		F7EC39E41DFFA8FC001FEB33 /* dianpingapi */ = {
			isa = PBXGroup;
			children = (
				F7EC39E51DFFA8FC001FEB33 /* DPAPI.h */,
				F7EC39E61DFFA8FC001FEB33 /* DPAPI.m */,
				F7EC39E71DFFA8FC001FEB33 /* DPConstants.h */,
				F7EC39E81DFFA8FC001FEB33 /* DPRequest.h */,
				F7EC39E91DFFA8FC001FEB33 /* DPRequest.m */,
			);
			path = dianpingapi;
			sourceTree = "<group>";
		};
/* End PBXGroup section */

/* Begin PBXNativeTarget section */
		F79460441DBA977D007B8DF2 /* XDLBestReservationHD */ = {
			isa = PBXNativeTarget;
			buildConfigurationList = F794605C1DBA977D007B8DF2 /* Build configuration list for PBXNativeTarget "XDLBestReservationHD" */;
			buildPhases = (
				06CED4B4B6DD0A655103BCFF /* [CP] Check Pods Manifest.lock */,
				F79460411DBA977D007B8DF2 /* Sources */,
				F79460421DBA977D007B8DF2 /* Frameworks */,
				F79460431DBA977D007B8DF2 /* Resources */,
				85BD58B05ACD5C6E3C94265F /* [CP] Embed Pods Frameworks */,
				1824C1CCF65AC42C6796C3D4 /* [CP] Copy Pods Resources */,
			);
			buildRules = (
			);
			dependencies = (
			);
			name = XDLBestReservationHD;
			productName = XDLBestReservationHD;
			productReference = F79460451DBA977D007B8DF2 /* XDLBestReservationHD.app */;
			productType = "com.apple.product-type.application";
		};
/* End PBXNativeTarget section */

/* Begin PBXProject section */
		F794603D1DBA977D007B8DF2 /* Project object */ = {
			isa = PBXProject;
			attributes = {
				CLASSPREFIX = XDL;
				LastUpgradeCheck = 0810;
				ORGANIZATIONNAME = itcast;
				TargetAttributes = {
					F79460441DBA977D007B8DF2 = {
						CreatedOnToolsVersion = 8.0;
						ProvisioningStyle = Automatic;
					};
				};
			};
			buildConfigurationList = F79460401DBA977D007B8DF2 /* Build configuration list for PBXProject "XDLBestReservationHD" */;
			compatibilityVersion = "Xcode 3.2";
			developmentRegion = English;
			hasScannedForEncodings = 0;
			knownRegions = (
				en,
				Base,
			);
			mainGroup = F794603C1DBA977D007B8DF2;
			productRefGroup = F79460461DBA977D007B8DF2 /* Products */;
			projectDirPath = "";
			projectRoot = "";
			targets = (
				F79460441DBA977D007B8DF2 /* XDLBestReservationHD */,
			);
		};
/* End PBXProject section */

/* Begin PBXResourcesBuildPhase section */
		F79460431DBA977D007B8DF2 /* Resources */ = {
			isa = PBXResourcesBuildPhase;
			buildActionMask = 2147483647;
			files = (
				F794606F1DBAA520007B8DF2 /* cities.plist in Resources */,
				F794606E1DBAA520007B8DF2 /* categories.plist in Resources */,
				F776D5761DFCA995003067B9 /* HomeNavView.xib in Resources */,
				F776D57E1DFCD2BE003067B9 /* XDLDistrictViewController.xib in Resources */,
				F79460711DBAA520007B8DF2 /* sorts.plist in Resources */,
				F776D5891DFD8547003067B9 /* XDLCityViewController.xib in Resources */,
				F79460551DBA977D007B8DF2 /* Assets.xcassets in Resources */,
				F776D5741DFCA995003067B9 /* HMDropdownView.xib in Resources */,
				F79460701DBAA520007B8DF2 /* cityGroups.plist in Resources */,
			);
			runOnlyForDeploymentPostprocessing = 0;
		};
/* End PBXResourcesBuildPhase section */

/* Begin PBXShellScriptBuildPhase section */
		06CED4B4B6DD0A655103BCFF /* [CP] Check Pods Manifest.lock */ = {
			isa = PBXShellScriptBuildPhase;
			buildActionMask = 2147483647;
			files = (
			);
			inputPaths = (
			);
			name = "[CP] Check Pods Manifest.lock";
			outputPaths = (
			);
			runOnlyForDeploymentPostprocessing = 0;
			shellPath = /bin/sh;
			shellScript = "diff \"${PODS_ROOT}/../Podfile.lock\" \"${PODS_ROOT}/Manifest.lock\" > /dev/null\nif [[ $? != 0 ]] ; then\n    cat << EOM\nerror: The sandbox is not in sync with the Podfile.lock. Run 'pod install' or update your CocoaPods installation.\nEOM\n    exit 1\nfi\n";
			showEnvVarsInLog = 0;
		};
		1824C1CCF65AC42C6796C3D4 /* [CP] Copy Pods Resources */ = {
			isa = PBXShellScriptBuildPhase;
			buildActionMask = 2147483647;
			files = (
			);
			inputPaths = (
			);
			name = "[CP] Copy Pods Resources";
			outputPaths = (
			);
			runOnlyForDeploymentPostprocessing = 0;
			shellPath = /bin/sh;
			shellScript = "\"${SRCROOT}/Pods/Target Support Files/Pods-XDLBestReservationHD/Pods-XDLBestReservationHD-resources.sh\"\n";
			showEnvVarsInLog = 0;
		};
		85BD58B05ACD5C6E3C94265F /* [CP] Embed Pods Frameworks */ = {
			isa = PBXShellScriptBuildPhase;
			buildActionMask = 2147483647;
			files = (
			);
			inputPaths = (
			);
			name = "[CP] Embed Pods Frameworks";
			outputPaths = (
			);
			runOnlyForDeploymentPostprocessing = 0;
			shellPath = /bin/sh;
			shellScript = "\"${SRCROOT}/Pods/Target Support Files/Pods-XDLBestReservationHD/Pods-XDLBestReservationHD-frameworks.sh\"\n";
			showEnvVarsInLog = 0;
		};
/* End PBXShellScriptBuildPhase section */

/* Begin PBXSourcesBuildPhase section */
		F79460411DBA977D007B8DF2 /* Sources */ = {
			isa = PBXSourcesBuildPhase;
			buildActionMask = 2147483647;
			files = (
				F7EC39EC1DFFA8FC001FEB33 /* DPAPI.m in Sources */,
				F776D5731DFCA995003067B9 /* HMDropdownView.m in Sources */,
				F794604D1DBA977D007B8DF2 /* AppDelegate.m in Sources */,
				F776D5881DFD8547003067B9 /* XDLCityViewController.m in Sources */,
				F776D5811DFCD304003067B9 /* XDLDistrictModel.m in Sources */,
				F776D58F1DFDE69F003067B9 /* XDLConst.m in Sources */,
				F7EC39DB1DFE5619001FEB33 /* XDLSortViewController.m in Sources */,
				F7EC39EA1DFFA8FC001FEB33 /* AwesomeMenu.m in Sources */,
				F7EC39EB1DFFA8FC001FEB33 /* AwesomeMenuItem.m in Sources */,
				F776D5701DFCA995003067B9 /* HMCategoryModel.m in Sources */,
				F776D5841DFCF3B1003067B9 /* XDLCityModel.m in Sources */,
				F794604A1DBA977D007B8DF2 /* main.m in Sources */,
				F776D5721DFCA995003067B9 /* HMDropdownRightTableViewCell.m in Sources */,
				F776D58C1DFD8572003067B9 /* XDLCityGroupModel.m in Sources */,
				F776D5791DFCA995003067B9 /* HMNavigateController.m in Sources */,
				F776D5921DFDF4B2003067B9 /* XDLSearchTableViewController.m in Sources */,
				F776D5771DFCA995003067B9 /* UIBarButtonItem+HMCategory.m in Sources */,
				F7EC39DE1DFE642C001FEB33 /* XDLSortModel.m in Sources */,
				F776D56F1DFCA995003067B9 /* HMHomeViewController.m in Sources */,
				F776D57D1DFCD2BE003067B9 /* XDLDistrictViewController.m in Sources */,
				F7EC39ED1DFFA8FC001FEB33 /* DPRequest.m in Sources */,
				F776D5711DFCA995003067B9 /* HMDropdownLeftTableViewCell.m in Sources */,
				F776D56E1DFCA995003067B9 /* HMCategoryViewController.m in Sources */,
				F776D5781DFCA995003067B9 /* UIView+HMCategory.m in Sources */,
				F776D5751DFCA995003067B9 /* HomeNavView.m in Sources */,
			);
			runOnlyForDeploymentPostprocessing = 0;
		};
/* End PBXSourcesBuildPhase section */

/* Begin XCBuildConfiguration section */
		F794605A1DBA977D007B8DF2 /* Debug */ = {
			isa = XCBuildConfiguration;
			buildSettings = {
				ALWAYS_SEARCH_USER_PATHS = NO;
				CLANG_ANALYZER_NONNULL = YES;
				CLANG_CXX_LANGUAGE_STANDARD = "gnu++0x";
				CLANG_CXX_LIBRARY = "libc++";
				CLANG_ENABLE_MODULES = YES;
				CLANG_ENABLE_OBJC_ARC = YES;
				CLANG_WARN_BOOL_CONVERSION = YES;
				CLANG_WARN_CONSTANT_CONVERSION = YES;
				CLANG_WARN_DIRECT_OBJC_ISA_USAGE = YES_ERROR;
				CLANG_WARN_DOCUMENTATION_COMMENTS = YES;
				CLANG_WARN_EMPTY_BODY = YES;
				CLANG_WARN_ENUM_CONVERSION = YES;
				CLANG_WARN_INFINITE_RECURSION = YES;
				CLANG_WARN_INT_CONVERSION = YES;
				CLANG_WARN_OBJC_ROOT_CLASS = YES_ERROR;
				CLANG_WARN_SUSPICIOUS_MOVE = YES;
				CLANG_WARN_SUSPICIOUS_MOVES = YES;
				CLANG_WARN_UNREACHABLE_CODE = YES;
				CLANG_WARN__DUPLICATE_METHOD_MATCH = YES;
				"CODE_SIGN_IDENTITY[sdk=iphoneos*]" = "iPhone Developer";
				COPY_PHASE_STRIP = NO;
				DEBUG_INFORMATION_FORMAT = dwarf;
				ENABLE_STRICT_OBJC_MSGSEND = YES;
				ENABLE_TESTABILITY = YES;
				GCC_C_LANGUAGE_STANDARD = gnu99;
				GCC_DYNAMIC_NO_PIC = NO;
				GCC_NO_COMMON_BLOCKS = YES;
				GCC_OPTIMIZATION_LEVEL = 0;
				GCC_PREPROCESSOR_DEFINITIONS = (
					"DEBUG=1",
					"$(inherited)",
				);
				GCC_WARN_64_TO_32_BIT_CONVERSION = YES;
				GCC_WARN_ABOUT_RETURN_TYPE = YES_ERROR;
				GCC_WARN_UNDECLARED_SELECTOR = YES;
				GCC_WARN_UNINITIALIZED_AUTOS = YES_AGGRESSIVE;
				GCC_WARN_UNUSED_FUNCTION = YES;
				GCC_WARN_UNUSED_VARIABLE = YES;
				IPHONEOS_DEPLOYMENT_TARGET = 10.0;
				MTL_ENABLE_DEBUG_INFO = YES;
				ONLY_ACTIVE_ARCH = YES;
				SDKROOT = iphoneos;
				TARGETED_DEVICE_FAMILY = "1,2";
			};
			name = Debug;
		};
		F794605B1DBA977D007B8DF2 /* Release */ = {
			isa = XCBuildConfiguration;
			buildSettings = {
				ALWAYS_SEARCH_USER_PATHS = NO;
				CLANG_ANALYZER_NONNULL = YES;
				CLANG_CXX_LANGUAGE_STANDARD = "gnu++0x";
				CLANG_CXX_LIBRARY = "libc++";
				CLANG_ENABLE_MODULES = YES;
				CLANG_ENABLE_OBJC_ARC = YES;
				CLANG_WARN_BOOL_CONVERSION = YES;
				CLANG_WARN_CONSTANT_CONVERSION = YES;
				CLANG_WARN_DIRECT_OBJC_ISA_USAGE = YES_ERROR;
				CLANG_WARN_DOCUMENTATION_COMMENTS = YES;
				CLANG_WARN_EMPTY_BODY = YES;
				CLANG_WARN_ENUM_CONVERSION = YES;
				CLANG_WARN_INFINITE_RECURSION = YES;
				CLANG_WARN_INT_CONVERSION = YES;
				CLANG_WARN_OBJC_ROOT_CLASS = YES_ERROR;
				CLANG_WARN_SUSPICIOUS_MOVE = YES;
				CLANG_WARN_SUSPICIOUS_MOVES = YES;
				CLANG_WARN_UNREACHABLE_CODE = YES;
				CLANG_WARN__DUPLICATE_METHOD_MATCH = YES;
				"CODE_SIGN_IDENTITY[sdk=iphoneos*]" = "iPhone Developer";
				COPY_PHASE_STRIP = NO;
				DEBUG_INFORMATION_FORMAT = "dwarf-with-dsym";
				ENABLE_NS_ASSERTIONS = NO;
				ENABLE_STRICT_OBJC_MSGSEND = YES;
				GCC_C_LANGUAGE_STANDARD = gnu99;
				GCC_NO_COMMON_BLOCKS = YES;
				GCC_WARN_64_TO_32_BIT_CONVERSION = YES;
				GCC_WARN_ABOUT_RETURN_TYPE = YES_ERROR;
				GCC_WARN_UNDECLARED_SELECTOR = YES;
				GCC_WARN_UNINITIALIZED_AUTOS = YES_AGGRESSIVE;
				GCC_WARN_UNUSED_FUNCTION = YES;
				GCC_WARN_UNUSED_VARIABLE = YES;
				IPHONEOS_DEPLOYMENT_TARGET = 10.0;
				MTL_ENABLE_DEBUG_INFO = NO;
				SDKROOT = iphoneos;
				TARGETED_DEVICE_FAMILY = "1,2";
				VALIDATE_PRODUCT = YES;
			};
			name = Release;
		};
		F794605D1DBA977D007B8DF2 /* Debug */ = {
			isa = XCBuildConfiguration;
			baseConfigurationReference = CE0D98DAF17FCF37FA21BDD6 /* Pods-XDLBestReservationHD.debug.xcconfig */;
			buildSettings = {
				ASSETCATALOG_COMPILER_APPICON_NAME = AppIcon;
				ASSETCATALOG_COMPILER_LAUNCHIMAGE_NAME = LaunchImage;
				GCC_PREFIX_HEADER = XDLBestReservationHD/PrefixHeader.pch;
				INFOPLIST_FILE = XDLBestReservationHD/Info.plist;
				IPHONEOS_DEPLOYMENT_TARGET = 8.0;
				LD_RUNPATH_SEARCH_PATHS = "$(inherited) @executable_path/Frameworks";
				PRODUCT_BUNDLE_IDENTIFIER = cn.xdl.ios.XDLBestReservationHD;
				PRODUCT_NAME = "$(TARGET_NAME)";
			};
			name = Debug;
		};
		F794605E1DBA977D007B8DF2 /* Release */ = {
			isa = XCBuildConfiguration;
			baseConfigurationReference = 151BCA9147B8E81B5B4D8F0F /* Pods-XDLBestReservationHD.release.xcconfig */;
			buildSettings = {
				ASSETCATALOG_COMPILER_APPICON_NAME = AppIcon;
				ASSETCATALOG_COMPILER_LAUNCHIMAGE_NAME = LaunchImage;
				GCC_PREFIX_HEADER = XDLBestReservationHD/PrefixHeader.pch;
				INFOPLIST_FILE = XDLBestReservationHD/Info.plist;
				IPHONEOS_DEPLOYMENT_TARGET = 8.0;
				LD_RUNPATH_SEARCH_PATHS = "$(inherited) @executable_path/Frameworks";
				PRODUCT_BUNDLE_IDENTIFIER = cn.xdl.ios.XDLBestReservationHD;
				PRODUCT_NAME = "$(TARGET_NAME)";
			};
			name = Release;
		};
/* End XCBuildConfiguration section */

/* Begin XCConfigurationList section */
		F79460401DBA977D007B8DF2 /* Build configuration list for PBXProject "XDLBestReservationHD" */ = {
			isa = XCConfigurationList;
			buildConfigurations = (
				F794605A1DBA977D007B8DF2 /* Debug */,
				F794605B1DBA977D007B8DF2 /* Release */,
			);
			defaultConfigurationIsVisible = 0;
			defaultConfigurationName = Release;
		};
		F794605C1DBA977D007B8DF2 /* Build configuration list for PBXNativeTarget "XDLBestReservationHD" */ = {
			isa = XCConfigurationList;
			buildConfigurations = (
				F794605D1DBA977D007B8DF2 /* Debug */,
				F794605E1DBA977D007B8DF2 /* Release */,
			);
			defaultConfigurationIsVisible = 0;
			defaultConfigurationName = Release;
		};
/* End XCConfigurationList section */
	};
	rootObject = F794603D1DBA977D007B8DF2 /* Project object */;
}
